
Microsoft Visual Studio Solution File, Format Version 12.00
# Visual Studio Version 17
VisualStudioVersion = 17.7.34221.43
MinimumVisualStudioVersion = 10.0.40219.1
Project("{FAE04EC0-301F-11D3-BF4B-00C04F79EFBC}") = "PROG366_Assignment7_WF", "PROG366_Assignment7_WF\PROG366_Assignment7_WF.csproj", "{C92ACE22-B0EC-4733-ACD3-81F3FC00CE07}"
EndProject
Global
	GlobalSection(SolutionConfigurationPlatforms) = preSolution
		Debug|Any CPU = Debug|Any CPU
		Release|Any CPU = Release|Any CPU
	EndGlobalSection
	GlobalSection(ProjectConfigurationPlatforms) = postSolution
		{C92ACE22-B0EC-4733-ACD3-81F3FC00CE07}.Debug|Any CPU.ActiveCfg = Debug|Any CPU
		{C92ACE22-B0EC-4733-ACD3-81F3FC00CE07}.Debug|Any CPU.Build.0 = Debug|Any CPU
		{C92ACE22-B0EC-4733-ACD3-81F3FC00CE07}.Release|Any CPU.ActiveCfg = Release|Any CPU
		{C92ACE22-B0EC-4733-ACD3-81F3FC00CE07}.Release|Any CPU.Build.0 = Release|Any CPU
	EndGlobalSection
	GlobalSection(SolutionProperties) = preSolution
		HideSolutionNode = FALSE
	EndGlobalSection
	GlobalSection(ExtensibilityGlobals) = postSolution
		SolutionGuid = {36A82FBC-B1C4-4D35-869D-C33AF0F69E5B}
	EndGlobalSection
EndGlobal
